{
    "name": "simple-node-app",
    "version": "1.0.0",
    "lockfileVersion": 2,
    "requires": true,
    "packages": {
      "": {
        "name": "simple-node-app",
        "version": "1.0.0",
        "dependencies": {
          "jest": "^29.0.0"
        }
      },
      "node_modules/@jest/types": {
        "version": "29.7.2",
        "resolved": "https://registry.npmjs.org/@jest/types/-/types-29.7.2.tgz",
        "integrity": "sha512-aXSeS6dsf0AbdwjL6Ao/xHwFSUpyZ3ft9mv7GJ1BKkiyGrNG8byBd8IFiOW2pkaqIQorHwXPTHQuFuJ6WX7MCg==",
        "dev": true,
        "dependencies": {
          "@types/node": "*",
          "jest-mock": "^29.7.2"
        }
      },
      "node_modules/@types/node": {
        "version": "20.8.5",
        "resolved": "https://registry.npmjs.org/@types/node/-/node-20.8.5.tgz",
        "integrity": "sha512-M5bpXHaHgsffV2yGvPQCXfvt5aq9PBxzwLbG7Mt0HaJ52HQlZY6tlF2PeCTFZ+kE/sMdNL5yAOqU3SYYc8lTiA==",
        "dev": true
      },
      "node_modules/jest": {
        "version": "29.7.2",
        "resolved": "https://registry.npmjs.org/jest/-/jest-29.7.2.tgz",
        "integrity": "sha512-tGdhZFAZWRKNn2KQ+jWE+HcWtkIxvXOky5OSHgNz5t66V/8dyQoI+USzBJ9q1/uUQsHuj8e5EZTP1UV1gDSKlg==",
        "dev": true,
        "dependencies": {
          "@jest/core": "^29.7.2",
          "jest-cli": "^29.7.2"
        }
      }
    },
    "dependencies": {
      "jest": {
        "version": "29.7.2",
        "resolved": "https://registry.npmjs.org/jest/-/jest-29.7.2.tgz",
        "integrity": "sha512-tGdhZFAZWRKNn2KQ+jWE+HcWtkIxvXOky5OSHgNz5t66V/8dyQoI+USzBJ9q1/uUQsHuj8e5EZTP1UV1gDSKlg==",
        "dev": true,
        "requires": {
          "@jest/core": "^29.7.2",
          "jest-cli": "^29.7.2"
        }
      }
    }
  }
  